{
  "version": 4,
  "terraform_version": "1.4.4",
  "serial": 18,
  "lineage": "bcddc41b-9860-a324-30c7-fd093737e5a5",
  "outputs": {},
  "resources": [
    {
      "mode": "managed",
      "type": "azurerm_linux_virtual_machine",
      "name": "vm-b3-vm1",
      "provider": "provider[\"registry.terraform.io/hashicorp/azurerm\"]",
      "instances": [
        {
          "schema_version": 0,
          "attributes": {
            "additional_capabilities": [],
            "admin_password": null,
            "admin_ssh_key": [
              {
                "public_key": "ssh-rsa AAAAB3NzaC1yc2EAAAADAQABAAACAQDa1jE+jVEMvAp7PIX6UHnf6ZGIo8Ba6NRlDp1qTYbxlAewod/qjERYlIspUupbng8bly3UnYfUfGNAIyutonEmX2K89rOumCtyAEl2CbcB1Yjuc9uUB9sRf0C6/TVZ5GaRWeuiGpSOo7FTSz4lH1hcH63TN0uvL4x7uS4yu9DLl4WXOzd81iYyzcnOTXsWYCiwyzRwhFeB/NJp+WlmdrGuu4ZYd4BBCtkUfUmjwTr3p6JhItpCzplo7Mm6iUPsNtvF1uPUn42r3XpE7YPP9ZhDtnuKr2U1DdpIXSGeK7yUehpDc6atJ4VZUFn0RO1ZMUlrXUDiPmUi7GSFU6cHaeZdPuBosilBHJnunyrF5a7PBpHueQtMQkQBVecT0XqRLYYt7m2lEbhBpUuwbXSoR3UUPtFBQKpfee8kcbP09WJ48fQHRxO51PjAmyyICwcmK5Y+ijdQmzO840G5l8+Xl2p6leX3Y6ywqd0/xBZNPKxUAToikXIW+rPUmq9KrHigPno4d2xlNXxyRJ3kirpqztMu7AV0z/nQ5bVcHJwn2a+wt8KcCoiOFD2X0fsXURUsv2Z5yn+zzwaul2F8FDHp9VliO3EJrD600fzH8pM/dFVZ5OEYRwrmzIJqJo8KSxsVbWdY+HPzPjHNBGg4S9j2DXz2NHKbizmTxlJJyfQjLn2ETQ== schaf@DESKTOP-AEJ9M2Q\r\n",
                "username": "Sarvagon"
              }
            ],
            "admin_username": "Sarvagon",
            "allow_extension_operations": true,
            "availability_set_id": "",
            "boot_diagnostics": [],
            "capacity_reservation_group_id": "",
            "computer_name": "b3-vm1",
            "custom_data": null,
            "dedicated_host_group_id": "",
            "dedicated_host_id": "",
            "disable_password_authentication": true,
            "edge_zone": "",
            "encryption_at_host_enabled": false,
            "eviction_policy": "",
            "extensions_time_budget": "PT1H30M",
            "gallery_application": [],
            "id": "/subscriptions/f22ff891-7ca6-4748-b88d-1361a5701945/resourceGroups/b3-vm1/providers/Microsoft.Compute/virtualMachines/b3-vm1",
            "identity": [],
            "license_type": "",
            "location": "eastus",
            "max_bid_price": -1,
            "name": "b3-vm1",
            "network_interface_ids": [
              "/subscriptions/f22ff891-7ca6-4748-b88d-1361a5701945/resourceGroups/b3-vm1/providers/Microsoft.Network/networkInterfaces/example-nic"
            ],
            "os_disk": [
              {
                "caching": "ReadWrite",
                "diff_disk_settings": [],
                "disk_encryption_set_id": "",
                "disk_size_gb": 30,
                "name": "b3-vm1_disk1_4f77e9f57cba47829fe128b051fa6dd7",
                "secure_vm_disk_encryption_set_id": "",
                "security_encryption_type": "",
                "storage_account_type": "Standard_LRS",
                "write_accelerator_enabled": false
              }
            ],
            "patch_assessment_mode": "ImageDefault",
            "patch_mode": "ImageDefault",
            "plan": [],
            "platform_fault_domain": -1,
            "priority": "Regular",
            "private_ip_address": "10.0.2.4",
            "private_ip_addresses": [
              "10.0.2.4"
            ],
            "provision_vm_agent": true,
            "proximity_placement_group_id": "",
            "public_ip_address": "",
            "public_ip_addresses": [],
            "resource_group_name": "b3-vm1",
            "secret": [],
            "secure_boot_enabled": false,
            "size": "Standard_B1s",
            "source_image_id": "",
            "source_image_reference": [
              {
                "offer": "UbuntuServer",
                "publisher": "Canonical",
                "sku": "18.04-LTS",
                "version": "latest"
              }
            ],
            "tags": null,
            "termination_notification": null,
            "timeouts": null,
            "user_data": "",
            "virtual_machine_id": "f33770ab-034c-4415-b71e-6d85fe00408c",
            "virtual_machine_scale_set_id": "",
            "vtpm_enabled": false,
            "zone": ""
          },
          "sensitive_attributes": [],
          "private": "eyJlMmJmYjczMC1lY2FhLTExZTYtOGY4OC0zNDM2M2JjN2M0YzAiOnsiY3JlYXRlIjoyNzAwMDAwMDAwMDAwLCJkZWxldGUiOjI3MDAwMDAwMDAwMDAsInJlYWQiOjMwMDAwMDAwMDAwMCwidXBkYXRlIjoyNzAwMDAwMDAwMDAwfX0=",
          "dependencies": [
            "azurerm_network_interface.nic-b3-vm1",
            "azurerm_resource_group.rg-b3-vm1",
            "azurerm_subnet.s-b3-vm1",
            "azurerm_virtual_network.vn-b3-vm1"
          ]
        }
      ]
    },
    {
      "mode": "managed",
      "type": "azurerm_network_interface",
      "name": "nic-b3-vm1",
      "provider": "provider[\"registry.terraform.io/hashicorp/azurerm\"]",
      "instances": [
        {
          "schema_version": 0,
          "attributes": {
            "applied_dns_servers": [],
            "dns_servers": [],
            "edge_zone": "",
            "enable_accelerated_networking": false,
            "enable_ip_forwarding": false,
            "id": "/subscriptions/f22ff891-7ca6-4748-b88d-1361a5701945/resourceGroups/b3-vm1/providers/Microsoft.Network/networkInterfaces/example-nic",
            "internal_dns_name_label": "",
            "internal_domain_name_suffix": "meykvismyrju1ohdmldoq3yarf.bx.internal.cloudapp.net",
            "ip_configuration": [
              {
                "gateway_load_balancer_frontend_ip_configuration_id": "",
                "name": "internal",
                "primary": true,
                "private_ip_address": "10.0.2.4",
                "private_ip_address_allocation": "Dynamic",
                "private_ip_address_version": "IPv4",
                "public_ip_address_id": "",
                "subnet_id": "/subscriptions/f22ff891-7ca6-4748-b88d-1361a5701945/resourceGroups/b3-vm1/providers/Microsoft.Network/virtualNetworks/b3-vm1/subnets/internal"
              }
            ],
            "location": "eastus",
            "mac_address": "",
            "name": "example-nic",
            "private_ip_address": "10.0.2.4",
            "private_ip_addresses": [
              "10.0.2.4"
            ],
            "resource_group_name": "b3-vm1",
            "tags": null,
            "timeouts": null,
            "virtual_machine_id": ""
          },
          "sensitive_attributes": [],
          "private": "eyJlMmJmYjczMC1lY2FhLTExZTYtOGY4OC0zNDM2M2JjN2M0YzAiOnsiY3JlYXRlIjoxODAwMDAwMDAwMDAwLCJkZWxldGUiOjE4MDAwMDAwMDAwMDAsInJlYWQiOjMwMDAwMDAwMDAwMCwidXBkYXRlIjoxODAwMDAwMDAwMDAwfX0=",
          "dependencies": [
            "azurerm_resource_group.rg-b3-vm1",
            "azurerm_subnet.s-b3-vm1",
            "azurerm_virtual_network.vn-b3-vm1"
          ]
        }
      ]
    },
    {
      "mode": "managed",
      "type": "azurerm_resource_group",
      "name": "rg-b3-vm1",
      "provider": "provider[\"registry.terraform.io/hashicorp/azurerm\"]",
      "instances": [
        {
          "schema_version": 0,
          "attributes": {
            "id": "/subscriptions/f22ff891-7ca6-4748-b88d-1361a5701945/resourceGroups/b3-vm1",
            "location": "eastus",
            "name": "b3-vm1",
            "tags": null,
            "timeouts": null
          },
          "sensitive_attributes": [],
          "private": "eyJlMmJmYjczMC1lY2FhLTExZTYtOGY4OC0zNDM2M2JjN2M0YzAiOnsiY3JlYXRlIjo1NDAwMDAwMDAwMDAwLCJkZWxldGUiOjU0MDAwMDAwMDAwMDAsInJlYWQiOjMwMDAwMDAwMDAwMCwidXBkYXRlIjo1NDAwMDAwMDAwMDAwfX0="
        }
      ]
    },
    {
      "mode": "managed",
      "type": "azurerm_subnet",
      "name": "s-b3-vm1",
      "provider": "provider[\"registry.terraform.io/hashicorp/azurerm\"]",
      "instances": [
        {
          "schema_version": 0,
          "attributes": {
            "address_prefixes": [
              "10.0.2.0/24"
            ],
            "delegation": [],
            "enforce_private_link_endpoint_network_policies": false,
            "enforce_private_link_service_network_policies": false,
            "id": "/subscriptions/f22ff891-7ca6-4748-b88d-1361a5701945/resourceGroups/b3-vm1/providers/Microsoft.Network/virtualNetworks/b3-vm1/subnets/internal",
            "name": "internal",
            "private_endpoint_network_policies_enabled": true,
            "private_link_service_network_policies_enabled": true,
            "resource_group_name": "b3-vm1",
            "service_endpoint_policy_ids": null,
            "service_endpoints": null,
            "timeouts": null,
            "virtual_network_name": "b3-vm1"
          },
          "sensitive_attributes": [],
          "private": "eyJlMmJmYjczMC1lY2FhLTExZTYtOGY4OC0zNDM2M2JjN2M0YzAiOnsiY3JlYXRlIjoxODAwMDAwMDAwMDAwLCJkZWxldGUiOjE4MDAwMDAwMDAwMDAsInJlYWQiOjMwMDAwMDAwMDAwMCwidXBkYXRlIjoxODAwMDAwMDAwMDAwfX0=",
          "dependencies": [
            "azurerm_resource_group.rg-b3-vm1",
            "azurerm_virtual_network.vn-b3-vm1"
          ]
        }
      ]
    },
    {
      "mode": "managed",
      "type": "azurerm_virtual_network",
      "name": "vn-b3-vm1",
      "provider": "provider[\"registry.terraform.io/hashicorp/azurerm\"]",
      "instances": [
        {
          "schema_version": 0,
          "attributes": {
            "address_space": [
              "10.0.0.0/16"
            ],
            "bgp_community": "",
            "ddos_protection_plan": [],
            "dns_servers": [],
            "edge_zone": "",
            "flow_timeout_in_minutes": 0,
            "guid": "a2aa3061-c44c-4d53-b8e3-62c6e877008d",
            "id": "/subscriptions/f22ff891-7ca6-4748-b88d-1361a5701945/resourceGroups/b3-vm1/providers/Microsoft.Network/virtualNetworks/b3-vm1",
            "location": "eastus",
            "name": "b3-vm1",
            "resource_group_name": "b3-vm1",
            "subnet": [],
            "tags": null,
            "timeouts": null
          },
          "sensitive_attributes": [],
          "private": "eyJlMmJmYjczMC1lY2FhLTExZTYtOGY4OC0zNDM2M2JjN2M0YzAiOnsiY3JlYXRlIjoxODAwMDAwMDAwMDAwLCJkZWxldGUiOjE4MDAwMDAwMDAwMDAsInJlYWQiOjMwMDAwMDAwMDAwMCwidXBkYXRlIjoxODAwMDAwMDAwMDAwfX0=",
          "dependencies": [
            "azurerm_resource_group.rg-b3-vm1"
          ]
        }
      ]
    }
  ],
  "check_results": null
}
