{
  "version": 4,
  "terraform_version": "1.4.4",
  "serial": 33,
  "lineage": "f4e190e3-9128-f746-b4be-e54bac0aa171",
  "outputs": {},
  "resources": [
    {
      "mode": "managed",
      "type": "azurerm_linux_virtual_machine",
      "name": "node1",
      "provider": "provider[\"registry.terraform.io/hashicorp/azurerm\"]",
      "instances": [
        {
          "schema_version": 0,
          "attributes": {
            "additional_capabilities": [],
            "admin_password": null,
            "admin_ssh_key": [
              {
                "public_key": "ssh-rsa AAAAB3NzaC1yc2EAAAADAQABAAACAQDa1jE+jVEMvAp7PIX6UHnf6ZGIo8Ba6NRlDp1qTYbxlAewod/qjERYlIspUupbng8bly3UnYfUfGNAIyutonEmX2K89rOumCtyAEl2CbcB1Yjuc9uUB9sRf0C6/TVZ5GaRWeuiGpSOo7FTSz4lH1hcH63TN0uvL4x7uS4yu9DLl4WXOzd81iYyzcnOTXsWYCiwyzRwhFeB/NJp+WlmdrGuu4ZYd4BBCtkUfUmjwTr3p6JhItpCzplo7Mm6iUPsNtvF1uPUn42r3XpE7YPP9ZhDtnuKr2U1DdpIXSGeK7yUehpDc6atJ4VZUFn0RO1ZMUlrXUDiPmUi7GSFU6cHaeZdPuBosilBHJnunyrF5a7PBpHueQtMQkQBVecT0XqRLYYt7m2lEbhBpUuwbXSoR3UUPtFBQKpfee8kcbP09WJ48fQHRxO51PjAmyyICwcmK5Y+ijdQmzO840G5l8+Xl2p6leX3Y6ywqd0/xBZNPKxUAToikXIW+rPUmq9KrHigPno4d2xlNXxyRJ3kirpqztMu7AV0z/nQ5bVcHJwn2a+wt8KcCoiOFD2X0fsXURUsv2Z5yn+zzwaul2F8FDHp9VliO3EJrD600fzH8pM/dFVZ5OEYRwrmzIJqJo8KSxsVbWdY+HPzPjHNBGg4S9j2DXz2NHKbizmTxlJJyfQjLn2ETQ== schaf@DESKTOP-AEJ9M2Q\r\n",
                "username": "adminuser"
              }
            ],
            "admin_username": "adminuser",
            "allow_extension_operations": true,
            "availability_set_id": "",
            "boot_diagnostics": [],
            "capacity_reservation_group_id": "",
            "computer_name": "b3-node1",
            "custom_data": null,
            "dedicated_host_group_id": "",
            "dedicated_host_id": "",
            "disable_password_authentication": true,
            "edge_zone": "",
            "encryption_at_host_enabled": false,
            "eviction_policy": "",
            "extensions_time_budget": "PT1H30M",
            "gallery_application": [],
            "id": "/subscriptions/f22ff891-7ca6-4748-b88d-1361a5701945/resourceGroups/b3-node/providers/Microsoft.Compute/virtualMachines/b3-node1",
            "identity": [],
            "license_type": "",
            "location": "eastus",
            "max_bid_price": -1,
            "name": "b3-node1",
            "network_interface_ids": [
              "/subscriptions/f22ff891-7ca6-4748-b88d-1361a5701945/resourceGroups/b3-node/providers/Microsoft.Network/networkInterfaces/example-nic-1"
            ],
            "os_disk": [
              {
                "caching": "ReadWrite",
                "diff_disk_settings": [],
                "disk_encryption_set_id": "",
                "disk_size_gb": 30,
                "name": "b3-node1_OsDisk_1_e142e6ca50404eacb2c6ac1977dc86bb",
                "secure_vm_disk_encryption_set_id": "",
                "security_encryption_type": "",
                "storage_account_type": "Standard_LRS",
                "write_accelerator_enabled": false
              }
            ],
            "patch_assessment_mode": "ImageDefault",
            "patch_mode": "ImageDefault",
            "plan": [],
            "platform_fault_domain": -1,
            "priority": "Regular",
            "private_ip_address": "10.0.1.4",
            "private_ip_addresses": [
              "10.0.1.4"
            ],
            "provision_vm_agent": true,
            "proximity_placement_group_id": "",
            "public_ip_address": "20.172.206.205",
            "public_ip_addresses": [
              "20.172.206.205"
            ],
            "resource_group_name": "b3-node",
            "secret": [],
            "secure_boot_enabled": false,
            "size": "Standard_B1s",
            "source_image_id": "",
            "source_image_reference": [
              {
                "offer": "0001-com-ubuntu-server-jammy",
                "publisher": "Canonical",
                "sku": "22_04-lts-gen2",
                "version": "latest"
              }
            ],
            "tags": {},
            "termination_notification": [],
            "timeouts": null,
            "user_data": "",
            "virtual_machine_id": "b45c1a14-b1b1-4c6d-8f24-f49970547932",
            "virtual_machine_scale_set_id": "",
            "vtpm_enabled": false,
            "zone": ""
          },
          "sensitive_attributes": [],
          "private": "eyJlMmJmYjczMC1lY2FhLTExZTYtOGY4OC0zNDM2M2JjN2M0YzAiOnsiY3JlYXRlIjoyNzAwMDAwMDAwMDAwLCJkZWxldGUiOjI3MDAwMDAwMDAwMDAsInJlYWQiOjMwMDAwMDAwMDAwMCwidXBkYXRlIjoyNzAwMDAwMDAwMDAwfX0=",
          "dependencies": [
            "azurerm_network_interface.nic-b3-node1",
            "azurerm_public_ip.public-b3-node1",
            "azurerm_resource_group.rg-b3-node",
            "azurerm_subnet.s-b3-node1",
            "azurerm_virtual_network.vn-b3-node"
          ]
        }
      ]
    },
    {
      "mode": "managed",
      "type": "azurerm_network_interface",
      "name": "nic-b3-node1",
      "provider": "provider[\"registry.terraform.io/hashicorp/azurerm\"]",
      "instances": [
        {
          "schema_version": 0,
          "attributes": {
            "applied_dns_servers": [],
            "dns_servers": [],
            "edge_zone": "",
            "enable_accelerated_networking": false,
            "enable_ip_forwarding": false,
            "id": "/subscriptions/f22ff891-7ca6-4748-b88d-1361a5701945/resourceGroups/b3-node/providers/Microsoft.Network/networkInterfaces/example-nic-1",
            "internal_dns_name_label": "",
            "internal_domain_name_suffix": "lfz2iy4aww4ubnm1b1kmf0iyhb.bx.internal.cloudapp.net",
            "ip_configuration": [
              {
                "gateway_load_balancer_frontend_ip_configuration_id": "",
                "name": "internal",
                "primary": true,
                "private_ip_address": "10.0.1.4",
                "private_ip_address_allocation": "Dynamic",
                "private_ip_address_version": "IPv4",
                "public_ip_address_id": "/subscriptions/f22ff891-7ca6-4748-b88d-1361a5701945/resourceGroups/b3-node/providers/Microsoft.Network/publicIPAddresses/public",
                "subnet_id": "/subscriptions/f22ff891-7ca6-4748-b88d-1361a5701945/resourceGroups/b3-node/providers/Microsoft.Network/virtualNetworks/b3-node/subnets/internal"
              }
            ],
            "location": "eastus",
            "mac_address": "00-22-48-2C-A9-0F",
            "name": "example-nic-1",
            "private_ip_address": "10.0.1.4",
            "private_ip_addresses": [
              "10.0.1.4"
            ],
            "resource_group_name": "b3-node",
            "tags": {},
            "timeouts": null,
            "virtual_machine_id": "/subscriptions/f22ff891-7ca6-4748-b88d-1361a5701945/resourceGroups/b3-node/providers/Microsoft.Compute/virtualMachines/b3-node1"
          },
          "sensitive_attributes": [],
          "private": "eyJlMmJmYjczMC1lY2FhLTExZTYtOGY4OC0zNDM2M2JjN2M0YzAiOnsiY3JlYXRlIjoxODAwMDAwMDAwMDAwLCJkZWxldGUiOjE4MDAwMDAwMDAwMDAsInJlYWQiOjMwMDAwMDAwMDAwMCwidXBkYXRlIjoxODAwMDAwMDAwMDAwfX0=",
          "dependencies": [
            "azurerm_public_ip.public-b3-node1",
            "azurerm_resource_group.rg-b3-node",
            "azurerm_subnet.s-b3-node1",
            "azurerm_virtual_network.vn-b3-node"
          ]
        }
      ]
    },
    {
      "mode": "managed",
      "type": "azurerm_network_interface",
      "name": "nic-b3-node2",
      "provider": "provider[\"registry.terraform.io/hashicorp/azurerm\"]",
      "instances": [
        {
          "schema_version": 0,
          "attributes": {
            "applied_dns_servers": [],
            "dns_servers": [],
            "edge_zone": "",
            "enable_accelerated_networking": false,
            "enable_ip_forwarding": false,
            "id": "/subscriptions/f22ff891-7ca6-4748-b88d-1361a5701945/resourceGroups/b3-node/providers/Microsoft.Network/networkInterfaces/example-nic-2",
            "internal_dns_name_label": "",
            "internal_domain_name_suffix": "",
            "ip_configuration": [
              {
                "gateway_load_balancer_frontend_ip_configuration_id": "",
                "name": "internal",
                "primary": true,
                "private_ip_address": "10.0.1.5",
                "private_ip_address_allocation": "Dynamic",
                "private_ip_address_version": "IPv4",
                "public_ip_address_id": "",
                "subnet_id": "/subscriptions/f22ff891-7ca6-4748-b88d-1361a5701945/resourceGroups/b3-node/providers/Microsoft.Network/virtualNetworks/b3-node/subnets/internal"
              }
            ],
            "location": "eastus",
            "mac_address": "00-22-48-2E-77-84",
            "name": "example-nic-2",
            "private_ip_address": "10.0.1.5",
            "private_ip_addresses": [
              "10.0.1.5"
            ],
            "resource_group_name": "b3-node",
            "tags": {},
            "timeouts": null,
            "virtual_machine_id": ""
          },
          "sensitive_attributes": [],
          "private": "eyJlMmJmYjczMC1lY2FhLTExZTYtOGY4OC0zNDM2M2JjN2M0YzAiOnsiY3JlYXRlIjoxODAwMDAwMDAwMDAwLCJkZWxldGUiOjE4MDAwMDAwMDAwMDAsInJlYWQiOjMwMDAwMDAwMDAwMCwidXBkYXRlIjoxODAwMDAwMDAwMDAwfX0=",
          "dependencies": [
            "azurerm_resource_group.rg-b3-node",
            "azurerm_subnet.s-b3-node2",
            "azurerm_virtual_network.vn-b3-node"
          ]
        }
      ]
    },
    {
      "mode": "managed",
      "type": "azurerm_public_ip",
      "name": "public-b3-node1",
      "provider": "provider[\"registry.terraform.io/hashicorp/azurerm\"]",
      "instances": [
        {
          "schema_version": 0,
          "attributes": {
            "allocation_method": "Dynamic",
            "ddos_protection_mode": "VirtualNetworkInherited",
            "ddos_protection_plan_id": null,
            "domain_name_label": null,
            "edge_zone": "",
            "fqdn": null,
            "id": "/subscriptions/f22ff891-7ca6-4748-b88d-1361a5701945/resourceGroups/b3-node/providers/Microsoft.Network/publicIPAddresses/public",
            "idle_timeout_in_minutes": 4,
            "ip_address": "20.172.206.205",
            "ip_tags": {},
            "ip_version": "IPv4",
            "location": "eastus",
            "name": "public",
            "public_ip_prefix_id": null,
            "resource_group_name": "b3-node",
            "reverse_fqdn": null,
            "sku": "Basic",
            "sku_tier": "Regional",
            "tags": {},
            "timeouts": null,
            "zones": []
          },
          "sensitive_attributes": [],
          "private": "eyJlMmJmYjczMC1lY2FhLTExZTYtOGY4OC0zNDM2M2JjN2M0YzAiOnsiY3JlYXRlIjoxODAwMDAwMDAwMDAwLCJkZWxldGUiOjE4MDAwMDAwMDAwMDAsInJlYWQiOjMwMDAwMDAwMDAwMCwidXBkYXRlIjoxODAwMDAwMDAwMDAwfX0=",
          "dependencies": [
            "azurerm_resource_group.rg-b3-node"
          ]
        }
      ]
    },
    {
      "mode": "managed",
      "type": "azurerm_resource_group",
      "name": "rg-b3-node",
      "provider": "provider[\"registry.terraform.io/hashicorp/azurerm\"]",
      "instances": [
        {
          "schema_version": 0,
          "attributes": {
            "id": "/subscriptions/f22ff891-7ca6-4748-b88d-1361a5701945/resourceGroups/b3-node",
            "location": "eastus",
            "name": "b3-node",
            "tags": {},
            "timeouts": null
          },
          "sensitive_attributes": [],
          "private": "eyJlMmJmYjczMC1lY2FhLTExZTYtOGY4OC0zNDM2M2JjN2M0YzAiOnsiY3JlYXRlIjo1NDAwMDAwMDAwMDAwLCJkZWxldGUiOjU0MDAwMDAwMDAwMDAsInJlYWQiOjMwMDAwMDAwMDAwMCwidXBkYXRlIjo1NDAwMDAwMDAwMDAwfX0="
        }
      ]
    },
    {
      "mode": "managed",
      "type": "azurerm_subnet",
      "name": "s-b3-node1",
      "provider": "provider[\"registry.terraform.io/hashicorp/azurerm\"]",
      "instances": [
        {
          "schema_version": 0,
          "attributes": {
            "address_prefixes": [
              "10.0.1.0/24"
            ],
            "delegation": [],
            "enforce_private_link_endpoint_network_policies": false,
            "enforce_private_link_service_network_policies": false,
            "id": "/subscriptions/f22ff891-7ca6-4748-b88d-1361a5701945/resourceGroups/b3-node/providers/Microsoft.Network/virtualNetworks/b3-node/subnets/internal",
            "name": "internal",
            "private_endpoint_network_policies_enabled": true,
            "private_link_service_network_policies_enabled": true,
            "resource_group_name": "b3-node",
            "service_endpoint_policy_ids": [],
            "service_endpoints": [],
            "timeouts": null,
            "virtual_network_name": "b3-node"
          },
          "sensitive_attributes": [],
          "private": "eyJlMmJmYjczMC1lY2FhLTExZTYtOGY4OC0zNDM2M2JjN2M0YzAiOnsiY3JlYXRlIjoxODAwMDAwMDAwMDAwLCJkZWxldGUiOjE4MDAwMDAwMDAwMDAsInJlYWQiOjMwMDAwMDAwMDAwMCwidXBkYXRlIjoxODAwMDAwMDAwMDAwfX0=",
          "dependencies": [
            "azurerm_resource_group.rg-b3-node",
            "azurerm_virtual_network.vn-b3-node"
          ]
        }
      ]
    },
    {
      "mode": "managed",
      "type": "azurerm_subnet",
      "name": "s-b3-node2",
      "provider": "provider[\"registry.terraform.io/hashicorp/azurerm\"]",
      "instances": [
        {
          "schema_version": 0,
          "attributes": {
            "address_prefixes": [
              "10.0.1.0/24"
            ],
            "delegation": [],
            "enforce_private_link_endpoint_network_policies": false,
            "enforce_private_link_service_network_policies": false,
            "id": "/subscriptions/f22ff891-7ca6-4748-b88d-1361a5701945/resourceGroups/b3-node/providers/Microsoft.Network/virtualNetworks/b3-node/subnets/internal",
            "name": "internal",
            "private_endpoint_network_policies_enabled": true,
            "private_link_service_network_policies_enabled": true,
            "resource_group_name": "b3-node",
            "service_endpoint_policy_ids": [],
            "service_endpoints": [],
            "timeouts": null,
            "virtual_network_name": "b3-node"
          },
          "sensitive_attributes": [],
          "private": "eyJlMmJmYjczMC1lY2FhLTExZTYtOGY4OC0zNDM2M2JjN2M0YzAiOnsiY3JlYXRlIjoxODAwMDAwMDAwMDAwLCJkZWxldGUiOjE4MDAwMDAwMDAwMDAsInJlYWQiOjMwMDAwMDAwMDAwMCwidXBkYXRlIjoxODAwMDAwMDAwMDAwfX0=",
          "dependencies": [
            "azurerm_resource_group.rg-b3-node",
            "azurerm_virtual_network.vn-b3-node"
          ]
        }
      ]
    },
    {
      "mode": "managed",
      "type": "azurerm_virtual_network",
      "name": "vn-b3-node",
      "provider": "provider[\"registry.terraform.io/hashicorp/azurerm\"]",
      "instances": [
        {
          "schema_version": 0,
          "attributes": {
            "address_space": [
              "10.0.0.0/16"
            ],
            "bgp_community": "",
            "ddos_protection_plan": [],
            "dns_servers": [],
            "edge_zone": "",
            "flow_timeout_in_minutes": 0,
            "guid": "63c47359-b5c0-40bd-b59b-0ed4c2e91839",
            "id": "/subscriptions/f22ff891-7ca6-4748-b88d-1361a5701945/resourceGroups/b3-node/providers/Microsoft.Network/virtualNetworks/b3-node",
            "location": "eastus",
            "name": "b3-node",
            "resource_group_name": "b3-node",
            "subnet": [
              {
                "address_prefix": "10.0.1.0/24",
                "id": "/subscriptions/f22ff891-7ca6-4748-b88d-1361a5701945/resourceGroups/b3-node/providers/Microsoft.Network/virtualNetworks/b3-node/subnets/internal",
                "name": "internal",
                "security_group": ""
              }
            ],
            "tags": {},
            "timeouts": null
          },
          "sensitive_attributes": [],
          "private": "eyJlMmJmYjczMC1lY2FhLTExZTYtOGY4OC0zNDM2M2JjN2M0YzAiOnsiY3JlYXRlIjoxODAwMDAwMDAwMDAwLCJkZWxldGUiOjE4MDAwMDAwMDAwMDAsInJlYWQiOjMwMDAwMDAwMDAwMCwidXBkYXRlIjoxODAwMDAwMDAwMDAwfX0=",
          "dependencies": [
            "azurerm_resource_group.rg-b3-node"
          ]
        }
      ]
    }
  ],
  "check_results": null
}
